
Microsoft Visual Studio Solution File, Format Version 12.00
# Visual Studio Version 16
VisualStudioVersion = 16.0.30621.155
MinimumVisualStudioVersion = 10.0.40219.1
Project("{FAE04EC0-301F-11D3-BF4B-00C04F79EFBC}") = "LinkNavigator", "LinkNavigator.csproj", "{C4360B01-5C8D-45EE-9386-7E06FD4584D6}"
EndProject
Project("{FAE04EC0-301F-11D3-BF4B-00C04F79EFBC}") = "ConsoleApp1", "..\ConsoleApp1\ConsoleApp1.csproj", "{30DC63BA-A4E6-4A0E-9720-F044F1102600}"
EndProject
Global
	GlobalSection(SolutionConfigurationPlatforms) = preSolution
		Debug|Any CPU = Debug|Any CPU
		Debug|x64 = Debug|x64
		Release|Any CPU = Release|Any CPU
		Release|x64 = Release|x64
	EndGlobalSection
	GlobalSection(ProjectConfigurationPlatforms) = postSolution
		{C4360B01-5C8D-45EE-9386-7E06FD4584D6}.Debug|Any CPU.ActiveCfg = Debug|Any CPU
		{C4360B01-5C8D-45EE-9386-7E06FD4584D6}.Debug|Any CPU.Build.0 = Debug|Any CPU
		{C4360B01-5C8D-45EE-9386-7E06FD4584D6}.Debug|x64.ActiveCfg = Debug|Any CPU
		{C4360B01-5C8D-45EE-9386-7E06FD4584D6}.Debug|x64.Build.0 = Debug|Any CPU
		{C4360B01-5C8D-45EE-9386-7E06FD4584D6}.Release|Any CPU.ActiveCfg = Release|Any CPU
		{C4360B01-5C8D-45EE-9386-7E06FD4584D6}.Release|Any CPU.Build.0 = Release|Any CPU
		{C4360B01-5C8D-45EE-9386-7E06FD4584D6}.Release|x64.ActiveCfg = Release|Any CPU
		{C4360B01-5C8D-45EE-9386-7E06FD4584D6}.Release|x64.Build.0 = Release|Any CPU
		{30DC63BA-A4E6-4A0E-9720-F044F1102600}.Debug|Any CPU.ActiveCfg = Debug|Any CPU
		{30DC63BA-A4E6-4A0E-9720-F044F1102600}.Debug|Any CPU.Build.0 = Debug|Any CPU
		{30DC63BA-A4E6-4A0E-9720-F044F1102600}.Debug|x64.ActiveCfg = Debug|Any CPU
		{30DC63BA-A4E6-4A0E-9720-F044F1102600}.Debug|x64.Build.0 = Debug|Any CPU
		{30DC63BA-A4E6-4A0E-9720-F044F1102600}.Release|Any CPU.ActiveCfg = Release|Any CPU
		{30DC63BA-A4E6-4A0E-9720-F044F1102600}.Release|Any CPU.Build.0 = Release|Any CPU
		{30DC63BA-A4E6-4A0E-9720-F044F1102600}.Release|x64.ActiveCfg = Release|Any CPU
		{30DC63BA-A4E6-4A0E-9720-F044F1102600}.Release|x64.Build.0 = Release|Any CPU
	EndGlobalSection
	GlobalSection(SolutionProperties) = preSolution
		HideSolutionNode = FALSE
	EndGlobalSection
	GlobalSection(ExtensibilityGlobals) = postSolution
		SolutionGuid = {8B6AB3C6-01C0-43A2-A844-1CAABFC7C2CB}
	EndGlobalSection
EndGlobal
